
Microsoft Visual Studio Solution File, Format Version 12.00
# Visual Studio 15
VisualStudioVersion = 15.0.28307.489
MinimumVisualStudioVersion = 10.0.40219.1
Project("{9A19103F-16F7-4668-BE54-9A1E7A4F7556}") = "ELOTEC", "ELOTEC.csproj", "{D134EB90-F2E7-420E-8DDB-023473B9B280}"
EndProject
Global
	GlobalSection(SolutionConfigurationPlatforms) = preSolution
		Debug|Any CPU = Debug|Any CPU
		Release|Any CPU = Release|Any CPU
	EndGlobalSection
	GlobalSection(ProjectConfigurationPlatforms) = postSolution
		{D134EB90-F2E7-420E-8DDB-023473B9B280}.Debug|Any CPU.ActiveCfg = Debug|Any CPU
		{D134EB90-F2E7-420E-8DDB-023473B9B280}.Debug|Any CPU.Build.0 = Debug|Any CPU
		{D134EB90-F2E7-420E-8DDB-023473B9B280}.Release|Any CPU.ActiveCfg = Release|Any CPU
		{D134EB90-F2E7-420E-8DDB-023473B9B280}.Release|Any CPU.Build.0 = Release|Any CPU
	EndGlobalSection
	GlobalSection(SolutionProperties) = preSolution
		HideSolutionNode = FALSE
	EndGlobalSection
	GlobalSection(ExtensibilityGlobals) = postSolution
		SolutionGuid = {F2558A69-A0C6-4FBB-BD95-930B99D42938}
	EndGlobalSection
EndGlobal
